
Microsoft Visual Studio Solution File, Format Version 12.00
# Visual Studio Version 17
VisualStudioVersion = 17.2.32630.192
MinimumVisualStudioVersion = 10.0.40219.1
Project("{FAE04EC0-301F-11D3-BF4B-00C04F79EFBC}") = "MethodMonteCarlo", "MethodMonteCarlo\MethodMonteCarlo.csproj", "{99319C2E-2EC1-4E13-BD45-DDA9F4093B54}"
EndProject
Global
	GlobalSection(SolutionConfigurationPlatforms) = preSolution
		Debug|Any CPU = Debug|Any CPU
		Release|Any CPU = Release|Any CPU
	EndGlobalSection
	GlobalSection(ProjectConfigurationPlatforms) = postSolution
		{99319C2E-2EC1-4E13-BD45-DDA9F4093B54}.Debug|Any CPU.ActiveCfg = Debug|Any CPU
		{99319C2E-2EC1-4E13-BD45-DDA9F4093B54}.Debug|Any CPU.Build.0 = Debug|Any CPU
		{99319C2E-2EC1-4E13-BD45-DDA9F4093B54}.Release|Any CPU.ActiveCfg = Release|Any CPU
		{99319C2E-2EC1-4E13-BD45-DDA9F4093B54}.Release|Any CPU.Build.0 = Release|Any CPU
	EndGlobalSection
	GlobalSection(SolutionProperties) = preSolution
		HideSolutionNode = FALSE
	EndGlobalSection
	GlobalSection(ExtensibilityGlobals) = postSolution
		SolutionGuid = {F5B6A4EA-F3E5-4922-A6E3-B969AFF7569E}
	EndGlobalSection
EndGlobal
